
Microsoft Visual Studio Solution File, Format Version 12.00
# Visual Studio Version 17
VisualStudioVersion = 17.8.34316.72
MinimumVisualStudioVersion = 10.0.40219.1
Project("{8BC9CEB8-8B4A-11D0-8D11-00A0C91BC942}") = "ConsoleApplication42", "ConsoleApplication42\ConsoleApplication42.vcxproj", "{F43FA946-9099-4087-A2FA-D7A8709F5BDE}"
EndProject
Global
	GlobalSection(SolutionConfigurationPlatforms) = preSolution
		Debug|x64 = Debug|x64
		Debug|x86 = Debug|x86
		Release|x64 = Release|x64
		Release|x86 = Release|x86
	EndGlobalSection
	GlobalSection(ProjectConfigurationPlatforms) = postSolution
		{F43FA946-9099-4087-A2FA-D7A8709F5BDE}.Debug|x64.ActiveCfg = Debug|x64
		{F43FA946-9099-4087-A2FA-D7A8709F5BDE}.Debug|x64.Build.0 = Debug|x64
		{F43FA946-9099-4087-A2FA-D7A8709F5BDE}.Debug|x86.ActiveCfg = Debug|Win32
		{F43FA946-9099-4087-A2FA-D7A8709F5BDE}.Debug|x86.Build.0 = Debug|Win32
		{F43FA946-9099-4087-A2FA-D7A8709F5BDE}.Release|x64.ActiveCfg = Release|x64
		{F43FA946-9099-4087-A2FA-D7A8709F5BDE}.Release|x64.Build.0 = Release|x64
		{F43FA946-9099-4087-A2FA-D7A8709F5BDE}.Release|x86.ActiveCfg = Release|Win32
		{F43FA946-9099-4087-A2FA-D7A8709F5BDE}.Release|x86.Build.0 = Release|Win32
	EndGlobalSection
	GlobalSection(SolutionProperties) = preSolution
		HideSolutionNode = FALSE
	EndGlobalSection
	GlobalSection(ExtensibilityGlobals) = postSolution
		SolutionGuid = {CE3967E5-3D18-40DF-9CD0-71CD46459989}
	EndGlobalSection
EndGlobal
